
Microsoft Visual Studio Solution File, Format Version 12.00
# Visual Studio Version 16
VisualStudioVersion = 16.0.31624.102
MinimumVisualStudioVersion = 10.0.40219.1
Project("{8BC9CEB8-8B4A-11D0-8D11-00A0C91BC942}") = "Bomberman0.1", "Bomberman0.1\Bomberman0.1.vcxproj", "{FCC99775-3141-4758-AA58-611EC9866F6E}"
EndProject
Global
	GlobalSection(SolutionConfigurationPlatforms) = preSolution
		Debug|x64 = Debug|x64
		Debug|x86 = Debug|x86
		Release|x64 = Release|x64
		Release|x86 = Release|x86
	EndGlobalSection
	GlobalSection(ProjectConfigurationPlatforms) = postSolution
		{FCC99775-3141-4758-AA58-611EC9866F6E}.Debug|x64.ActiveCfg = Debug|x64
		{FCC99775-3141-4758-AA58-611EC9866F6E}.Debug|x64.Build.0 = Debug|x64
		{FCC99775-3141-4758-AA58-611EC9866F6E}.Debug|x86.ActiveCfg = Debug|Win32
		{FCC99775-3141-4758-AA58-611EC9866F6E}.Debug|x86.Build.0 = Debug|Win32
		{FCC99775-3141-4758-AA58-611EC9866F6E}.Release|x64.ActiveCfg = Release|x64
		{FCC99775-3141-4758-AA58-611EC9866F6E}.Release|x64.Build.0 = Release|x64
		{FCC99775-3141-4758-AA58-611EC9866F6E}.Release|x86.ActiveCfg = Release|Win32
		{FCC99775-3141-4758-AA58-611EC9866F6E}.Release|x86.Build.0 = Release|Win32
	EndGlobalSection
	GlobalSection(SolutionProperties) = preSolution
		HideSolutionNode = FALSE
	EndGlobalSection
	GlobalSection(ExtensibilityGlobals) = postSolution
		SolutionGuid = {2FF8665F-249E-4B2B-AE44-D66F8C95BBAE}
	EndGlobalSection
EndGlobal
